
Microsoft Visual Studio Solution File, Format Version 12.00
# Blend for Visual Studio 14
VisualStudioVersion = 14.0.25420.1
MinimumVisualStudioVersion = 10.0.40219.1
Project("{FAE04EC0-301F-11D3-BF4B-00C04F79EFBC}") = "LabApp", "LabApp.csproj", "{D93E2C53-5F9A-41ED-9C70-9A484C808A3C}"
EndProject
Global
	GlobalSection(SolutionConfigurationPlatforms) = preSolution
		Debug|Any CPU = Debug|Any CPU
		Release|Any CPU = Release|Any CPU
	EndGlobalSection
	GlobalSection(ProjectConfigurationPlatforms) = postSolution
		{D93E2C53-5F9A-41ED-9C70-9A484C808A3C}.Debug|Any CPU.ActiveCfg = Debug|Any CPU
		{D93E2C53-5F9A-41ED-9C70-9A484C808A3C}.Debug|Any CPU.Build.0 = Debug|Any CPU
		{D93E2C53-5F9A-41ED-9C70-9A484C808A3C}.Release|Any CPU.ActiveCfg = Release|Any CPU
		{D93E2C53-5F9A-41ED-9C70-9A484C808A3C}.Release|Any CPU.Build.0 = Release|Any CPU
	EndGlobalSection
	GlobalSection(SolutionProperties) = preSolution
		HideSolutionNode = FALSE
	EndGlobalSection
EndGlobal
